
Microsoft Visual Studio Solution File, Format Version 12.00
# Visual Studio Version 16
VisualStudioVersion = 16.0.30907.101
MinimumVisualStudioVersion = 10.0.40219.1
Project("{FAE04EC0-301F-11D3-BF4B-00C04F79EFBC}") = "RestWithASPNETUdemy", "RestWithASPNETUdemy\RestWithASPNETUdemy.csproj", "{E6722392-982D-4F87-B09D-6B7E41777C5A}"
EndProject
Global
	GlobalSection(SolutionConfigurationPlatforms) = preSolution
		Debug|Any CPU = Debug|Any CPU
		Release|Any CPU = Release|Any CPU
	EndGlobalSection
	GlobalSection(ProjectConfigurationPlatforms) = postSolution
		{E6722392-982D-4F87-B09D-6B7E41777C5A}.Debug|Any CPU.ActiveCfg = Debug|Any CPU
		{E6722392-982D-4F87-B09D-6B7E41777C5A}.Debug|Any CPU.Build.0 = Debug|Any CPU
		{E6722392-982D-4F87-B09D-6B7E41777C5A}.Release|Any CPU.ActiveCfg = Release|Any CPU
		{E6722392-982D-4F87-B09D-6B7E41777C5A}.Release|Any CPU.Build.0 = Release|Any CPU
	EndGlobalSection
	GlobalSection(SolutionProperties) = preSolution
		HideSolutionNode = FALSE
	EndGlobalSection
	GlobalSection(ExtensibilityGlobals) = postSolution
		SolutionGuid = {2E6B45FB-85B2-4FC8-B8AF-F1C9F144AFED}
	EndGlobalSection
EndGlobal
